// !$*UTF8*$!
{
	archiveVersion = 1;
	classes = {
	};
	objectVersion = 45;
	objects = {

/* Begin PBXAggregateTarget section */
		24416B8111C4CA220047AFDD /* Build & Test */ = {
			isa = PBXAggregateTarget;
			buildConfigurationList = 24416B8A11C4CA520047AFDD /* Build configuration list for PBXAggregateTarget "Build & Test" */;
			buildPhases = (
				24416B8011C4CA220047AFDD /* ShellScript */,
			);
			dependencies = (
				24416B8511C4CA280047AFDD /* PBXTargetDependency */,
			);
			name = "Build & Test";
			productName = "Build & test";
		};
/* End PBXAggregateTarget section */

/* Begin PBXBuildFile section */
		00CB2D4616D74BCE0050F87E /* CFNetwork.framework in Frameworks */ = {isa = PBXBuildFile; fileRef = 00CB2D4516D74BCE0050F87E /* CFNetwork.framework */; };
		00CB2D4816D74BD50050F87E /* Security.framework in Frameworks */ = {isa = PBXBuildFile; fileRef = 00CB2D4716D74BD50050F87E /* Security.framework */; };
		00CB2D4A16D74BF30050F87E /* libicucore.dylib in Frameworks */ = {isa = PBXBuildFile; fileRef = 00CB2D4916D74BF30050F87E /* libicucore.dylib */; };
		00CB2D4B16D74C650050F87E /* NSData+SRB64Additions.m in Sources */ = {isa = PBXBuildFile; fileRef = 00CB2D3716D74BBF0050F87E /* NSData+SRB64Additions.m */; settings = {COMPILER_FLAGS = "-fobjc-arc"; }; };
		00CB2D4C16D74C650050F87E /* SocketIO.m in Sources */ = {isa = PBXBuildFile; fileRef = 00CB2D3916D74BBF0050F87E /* SocketIO.m */; settings = {COMPILER_FLAGS = "-fobjc-arc"; }; };
		00CB2D4D16D74C650050F87E /* SocketIOJSONSerialization.m in Sources */ = {isa = PBXBuildFile; fileRef = 00CB2D3B16D74BBF0050F87E /* SocketIOJSONSerialization.m */; settings = {COMPILER_FLAGS = "-fobjc-arc"; }; };
		00CB2D4E16D74C650050F87E /* SocketIOPacket.m in Sources */ = {isa = PBXBuildFile; fileRef = 00CB2D3D16D74BBF0050F87E /* SocketIOPacket.m */; settings = {COMPILER_FLAGS = "-fobjc-arc"; }; };
		00CB2D4F16D74C650050F87E /* SocketIOTransportWebsocket.m in Sources */ = {isa = PBXBuildFile; fileRef = 00CB2D4016D74BBF0050F87E /* SocketIOTransportWebsocket.m */; settings = {COMPILER_FLAGS = "-fobjc-arc"; }; };
		00CB2D5016D74C650050F87E /* SocketIOTransportXHR.m in Sources */ = {isa = PBXBuildFile; fileRef = 00CB2D4216D74BBF0050F87E /* SocketIOTransportXHR.m */; settings = {COMPILER_FLAGS = "-fobjc-arc"; }; };
		00CB2D5116D74C650050F87E /* SRWebSocket.m in Sources */ = {isa = PBXBuildFile; fileRef = 00CB2D4416D74BBF0050F87E /* SRWebSocket.m */; settings = {COMPILER_FLAGS = "-fobjc-arc"; }; };
		00CB2D5216D74C6F0050F87E /* base64.c in Sources */ = {isa = PBXBuildFile; fileRef = 00CB2D3416D74BBF0050F87E /* base64.c */; };
		00CB2D5316D74C7B0050F87E /* base64.h in Headers */ = {isa = PBXBuildFile; fileRef = 00CB2D3516D74BBF0050F87E /* base64.h */; };
		00CB2D5416D74C7B0050F87E /* NSData+SRB64Additions.h in Headers */ = {isa = PBXBuildFile; fileRef = 00CB2D3616D74BBF0050F87E /* NSData+SRB64Additions.h */; };
		00CB2D5516D74C7B0050F87E /* SocketIO.h in Headers */ = {isa = PBXBuildFile; fileRef = 00CB2D3816D74BBF0050F87E /* SocketIO.h */; };
		00CB2D5616D74C7B0050F87E /* SocketIOJSONSerialization.h in Headers */ = {isa = PBXBuildFile; fileRef = 00CB2D3A16D74BBF0050F87E /* SocketIOJSONSerialization.h */; };
		00CB2D5716D74C7B0050F87E /* SocketIOPacket.h in Headers */ = {isa = PBXBuildFile; fileRef = 00CB2D3C16D74BBF0050F87E /* SocketIOPacket.h */; };
		00CB2D5816D74C7B0050F87E /* SocketIOTransport.h in Headers */ = {isa = PBXBuildFile; fileRef = 00CB2D3E16D74BBF0050F87E /* SocketIOTransport.h */; };
		00CB2D5916D74C7B0050F87E /* SocketIOTransportWebsocket.h in Headers */ = {isa = PBXBuildFile; fileRef = 00CB2D3F16D74BBF0050F87E /* SocketIOTransportWebsocket.h */; };
		00CB2D5A16D74C7B0050F87E /* SocketIOTransportXHR.h in Headers */ = {isa = PBXBuildFile; fileRef = 00CB2D4116D74BBF0050F87E /* SocketIOTransportXHR.h */; };
		00CB2D5B16D74C7B0050F87E /* SRWebSocket.h in Headers */ = {isa = PBXBuildFile; fileRef = 00CB2D4316D74BBF0050F87E /* SRWebSocket.h */; };
		00CB2D5E16D74DE70050F87E /* ComBongoleTiSocketioSocketProxy.m in Sources */ = {isa = PBXBuildFile; fileRef = 00CB2D5D16D74D020050F87E /* ComBongoleTiSocketioSocketProxy.m */; };
		00CB2D5F16D74DED0050F87E /* ComBongoleTiSocketioSocketProxy.h in Headers */ = {isa = PBXBuildFile; fileRef = 00CB2D5C16D74D020050F87E /* ComBongoleTiSocketioSocketProxy.h */; };
		24DD6CF91134B3F500162E58 /* ComBongoleTiSocketioModule.h in Headers */ = {isa = PBXBuildFile; fileRef = 24DD6CF71134B3F500162E58 /* ComBongoleTiSocketioModule.h */; };
		24DD6CFA1134B3F500162E58 /* ComBongoleTiSocketioModule.m in Sources */ = {isa = PBXBuildFile; fileRef = 24DD6CF81134B3F500162E58 /* ComBongoleTiSocketioModule.m */; };
		24DE9E1111C5FE74003F90F6 /* ComBongoleTiSocketioModuleAssets.h in Headers */ = {isa = PBXBuildFile; fileRef = 24DE9E0F11C5FE74003F90F6 /* ComBongoleTiSocketioModuleAssets.h */; };
		24DE9E1211C5FE74003F90F6 /* ComBongoleTiSocketioModuleAssets.m in Sources */ = {isa = PBXBuildFile; fileRef = 24DE9E1011C5FE74003F90F6 /* ComBongoleTiSocketioModuleAssets.m */; };
		AA747D9F0F9514B9006C5449 /* ComBongoleTiSocketio_Prefix.pch in Headers */ = {isa = PBXBuildFile; fileRef = AA747D9E0F9514B9006C5449 /* ComBongoleTiSocketio_Prefix.pch */; };
		AACBBE4A0F95108600F1A2B1 /* Foundation.framework in Frameworks */ = {isa = PBXBuildFile; fileRef = AACBBE490F95108600F1A2B1 /* Foundation.framework */; };
/* End PBXBuildFile section */

/* Begin PBXContainerItemProxy section */
		24416B8411C4CA280047AFDD /* PBXContainerItemProxy */ = {
			isa = PBXContainerItemProxy;
			containerPortal = 0867D690FE84028FC02AAC07 /* Project object */;
			proxyType = 1;
			remoteGlobalIDString = D2AAC07D0554694100DB518D;
			remoteInfo = iphone;
		};
/* End PBXContainerItemProxy section */

/* Begin PBXFileReference section */
		00CB2D3416D74BBF0050F87E /* base64.c */ = {isa = PBXFileReference; fileEncoding = 4; lastKnownFileType = sourcecode.c.c; path = base64.c; sourceTree = "<group>"; };
		00CB2D3516D74BBF0050F87E /* base64.h */ = {isa = PBXFileReference; fileEncoding = 4; lastKnownFileType = sourcecode.c.h; path = base64.h; sourceTree = "<group>"; };
		00CB2D3616D74BBF0050F87E /* NSData+SRB64Additions.h */ = {isa = PBXFileReference; fileEncoding = 4; lastKnownFileType = sourcecode.c.h; path = "NSData+SRB64Additions.h"; sourceTree = "<group>"; };
		00CB2D3716D74BBF0050F87E /* NSData+SRB64Additions.m */ = {isa = PBXFileReference; fileEncoding = 4; lastKnownFileType = sourcecode.c.objc; path = "NSData+SRB64Additions.m"; sourceTree = "<group>"; };
		00CB2D3816D74BBF0050F87E /* SocketIO.h */ = {isa = PBXFileReference; fileEncoding = 4; lastKnownFileType = sourcecode.c.h; path = SocketIO.h; sourceTree = "<group>"; };
		00CB2D3916D74BBF0050F87E /* SocketIO.m */ = {isa = PBXFileReference; fileEncoding = 4; lastKnownFileType = sourcecode.c.objc; path = SocketIO.m; sourceTree = "<group>"; };
		00CB2D3A16D74BBF0050F87E /* SocketIOJSONSerialization.h */ = {isa = PBXFileReference; fileEncoding = 4; lastKnownFileType = sourcecode.c.h; path = SocketIOJSONSerialization.h; sourceTree = "<group>"; };
		00CB2D3B16D74BBF0050F87E /* SocketIOJSONSerialization.m */ = {isa = PBXFileReference; fileEncoding = 4; lastKnownFileType = sourcecode.c.objc; path = SocketIOJSONSerialization.m; sourceTree = "<group>"; };
		00CB2D3C16D74BBF0050F87E /* SocketIOPacket.h */ = {isa = PBXFileReference; fileEncoding = 4; lastKnownFileType = sourcecode.c.h; path = SocketIOPacket.h; sourceTree = "<group>"; };
		00CB2D3D16D74BBF0050F87E /* SocketIOPacket.m */ = {isa = PBXFileReference; fileEncoding = 4; lastKnownFileType = sourcecode.c.objc; path = SocketIOPacket.m; sourceTree = "<group>"; };
		00CB2D3E16D74BBF0050F87E /* SocketIOTransport.h */ = {isa = PBXFileReference; fileEncoding = 4; lastKnownFileType = sourcecode.c.h; path = SocketIOTransport.h; sourceTree = "<group>"; };
		00CB2D3F16D74BBF0050F87E /* SocketIOTransportWebsocket.h */ = {isa = PBXFileReference; fileEncoding = 4; lastKnownFileType = sourcecode.c.h; path = SocketIOTransportWebsocket.h; sourceTree = "<group>"; };
		00CB2D4016D74BBF0050F87E /* SocketIOTransportWebsocket.m */ = {isa = PBXFileReference; fileEncoding = 4; lastKnownFileType = sourcecode.c.objc; path = SocketIOTransportWebsocket.m; sourceTree = "<group>"; };
		00CB2D4116D74BBF0050F87E /* SocketIOTransportXHR.h */ = {isa = PBXFileReference; fileEncoding = 4; lastKnownFileType = sourcecode.c.h; path = SocketIOTransportXHR.h; sourceTree = "<group>"; };
		00CB2D4216D74BBF0050F87E /* SocketIOTransportXHR.m */ = {isa = PBXFileReference; fileEncoding = 4; lastKnownFileType = sourcecode.c.objc; path = SocketIOTransportXHR.m; sourceTree = "<group>"; };
		00CB2D4316D74BBF0050F87E /* SRWebSocket.h */ = {isa = PBXFileReference; fileEncoding = 4; lastKnownFileType = sourcecode.c.h; path = SRWebSocket.h; sourceTree = "<group>"; };
		00CB2D4416D74BBF0050F87E /* SRWebSocket.m */ = {isa = PBXFileReference; fileEncoding = 4; lastKnownFileType = sourcecode.c.objc; path = SRWebSocket.m; sourceTree = "<group>"; };
		00CB2D4516D74BCE0050F87E /* CFNetwork.framework */ = {isa = PBXFileReference; lastKnownFileType = wrapper.framework; name = CFNetwork.framework; path = System/Library/Frameworks/CFNetwork.framework; sourceTree = SDKROOT; };
		00CB2D4716D74BD50050F87E /* Security.framework */ = {isa = PBXFileReference; lastKnownFileType = wrapper.framework; name = Security.framework; path = System/Library/Frameworks/Security.framework; sourceTree = SDKROOT; };
		00CB2D4916D74BF30050F87E /* libicucore.dylib */ = {isa = PBXFileReference; lastKnownFileType = "compiled.mach-o.dylib"; name = libicucore.dylib; path = usr/lib/libicucore.dylib; sourceTree = SDKROOT; };
		00CB2D5C16D74D020050F87E /* ComBongoleTiSocketioSocketProxy.h */ = {isa = PBXFileReference; fileEncoding = 4; lastKnownFileType = sourcecode.c.h; path = ComBongoleTiSocketioSocketProxy.h; sourceTree = "<group>"; };
		00CB2D5D16D74D020050F87E /* ComBongoleTiSocketioSocketProxy.m */ = {isa = PBXFileReference; fileEncoding = 4; lastKnownFileType = sourcecode.c.objc; path = ComBongoleTiSocketioSocketProxy.m; sourceTree = "<group>"; };
		24DD6CF71134B3F500162E58 /* ComBongoleTiSocketioModule.h */ = {isa = PBXFileReference; fileEncoding = 4; lastKnownFileType = sourcecode.c.h; name = ComBongoleTiSocketioModule.h; path = Classes/ComBongoleTiSocketioModule.h; sourceTree = "<group>"; };
		24DD6CF81134B3F500162E58 /* ComBongoleTiSocketioModule.m */ = {isa = PBXFileReference; fileEncoding = 4; lastKnownFileType = sourcecode.c.objc; name = ComBongoleTiSocketioModule.m; path = Classes/ComBongoleTiSocketioModule.m; sourceTree = "<group>"; };
		24DD6D1B1134B66800162E58 /* titanium.xcconfig */ = {isa = PBXFileReference; fileEncoding = 4; lastKnownFileType = text.xcconfig; path = titanium.xcconfig; sourceTree = "<group>"; };
		24DE9E0F11C5FE74003F90F6 /* ComBongoleTiSocketioModuleAssets.h */ = {isa = PBXFileReference; fileEncoding = 4; lastKnownFileType = sourcecode.c.h; name = ComBongoleTiSocketioModuleAssets.h; path = Classes/ComBongoleTiSocketioModuleAssets.h; sourceTree = "<group>"; };
		24DE9E1011C5FE74003F90F6 /* ComBongoleTiSocketioModuleAssets.m */ = {isa = PBXFileReference; fileEncoding = 4; lastKnownFileType = sourcecode.c.objc; name = ComBongoleTiSocketioModuleAssets.m; path = Classes/ComBongoleTiSocketioModuleAssets.m; sourceTree = "<group>"; };
		AA747D9E0F9514B9006C5449 /* ComBongoleTiSocketio_Prefix.pch */ = {isa = PBXFileReference; fileEncoding = 4; lastKnownFileType = sourcecode.c.h; path = ComBongoleTiSocketio_Prefix.pch; sourceTree = SOURCE_ROOT; };
		AACBBE490F95108600F1A2B1 /* Foundation.framework */ = {isa = PBXFileReference; lastKnownFileType = wrapper.framework; name = Foundation.framework; path = System/Library/Frameworks/Foundation.framework; sourceTree = SDKROOT; };
		D2AAC07E0554694100DB518D /* libComBongoleTiSocketio.a */ = {isa = PBXFileReference; explicitFileType = archive.ar; includeInIndex = 0; path = libComBongoleTiSocketio.a; sourceTree = BUILT_PRODUCTS_DIR; };
/* End PBXFileReference section */

/* Begin PBXFrameworksBuildPhase section */
		D2AAC07C0554694100DB518D /* Frameworks */ = {
			isa = PBXFrameworksBuildPhase;
			buildActionMask = 2147483647;
			files = (
				00CB2D4A16D74BF30050F87E /* libicucore.dylib in Frameworks */,
				00CB2D4816D74BD50050F87E /* Security.framework in Frameworks */,
				00CB2D4616D74BCE0050F87E /* CFNetwork.framework in Frameworks */,
				AACBBE4A0F95108600F1A2B1 /* Foundation.framework in Frameworks */,
			);
			runOnlyForDeploymentPostprocessing = 0;
		};
/* End PBXFrameworksBuildPhase section */

/* Begin PBXGroup section */
		00CB2D3316D74BBF0050F87E /* socket.IO-objc */ = {
			isa = PBXGroup;
			children = (
				00CB2D3416D74BBF0050F87E /* base64.c */,
				00CB2D3516D74BBF0050F87E /* base64.h */,
				00CB2D3616D74BBF0050F87E /* NSData+SRB64Additions.h */,
				00CB2D3716D74BBF0050F87E /* NSData+SRB64Additions.m */,
				00CB2D3816D74BBF0050F87E /* SocketIO.h */,
				00CB2D3916D74BBF0050F87E /* SocketIO.m */,
				00CB2D3A16D74BBF0050F87E /* SocketIOJSONSerialization.h */,
				00CB2D3B16D74BBF0050F87E /* SocketIOJSONSerialization.m */,
				00CB2D3C16D74BBF0050F87E /* SocketIOPacket.h */,
				00CB2D3D16D74BBF0050F87E /* SocketIOPacket.m */,
				00CB2D3E16D74BBF0050F87E /* SocketIOTransport.h */,
				00CB2D3F16D74BBF0050F87E /* SocketIOTransportWebsocket.h */,
				00CB2D4016D74BBF0050F87E /* SocketIOTransportWebsocket.m */,
				00CB2D4116D74BBF0050F87E /* SocketIOTransportXHR.h */,
				00CB2D4216D74BBF0050F87E /* SocketIOTransportXHR.m */,
				00CB2D4316D74BBF0050F87E /* SRWebSocket.h */,
				00CB2D4416D74BBF0050F87E /* SRWebSocket.m */,
			);
			name = "socket.IO-objc";
			path = "Classes/socket.IO-objc";
			sourceTree = "<group>";
		};
		034768DFFF38A50411DB9C8B /* Products */ = {
			isa = PBXGroup;
			children = (
				D2AAC07E0554694100DB518D /* libComBongoleTiSocketio.a */,
			);
			name = Products;
			sourceTree = "<group>";
		};
		0867D691FE84028FC02AAC07 /* iphone */ = {
			isa = PBXGroup;
			children = (
				08FB77AEFE84172EC02AAC07 /* Classes */,
				32C88DFF0371C24200C91783 /* Other Sources */,
				0867D69AFE84028FC02AAC07 /* Frameworks */,
				034768DFFF38A50411DB9C8B /* Products */,
			);
			name = iphone;
			sourceTree = "<group>";
		};
		0867D69AFE84028FC02AAC07 /* Frameworks */ = {
			isa = PBXGroup;
			children = (
				00CB2D4916D74BF30050F87E /* libicucore.dylib */,
				00CB2D4716D74BD50050F87E /* Security.framework */,
				00CB2D4516D74BCE0050F87E /* CFNetwork.framework */,
				AACBBE490F95108600F1A2B1 /* Foundation.framework */,
			);
			name = Frameworks;
			sourceTree = "<group>";
		};
		08FB77AEFE84172EC02AAC07 /* Classes */ = {
			isa = PBXGroup;
			children = (
				00CB2D3316D74BBF0050F87E /* socket.IO-objc */,
				24DE9E0F11C5FE74003F90F6 /* ComBongoleTiSocketioModuleAssets.h */,
				24DE9E1011C5FE74003F90F6 /* ComBongoleTiSocketioModuleAssets.m */,
				24DD6CF71134B3F500162E58 /* ComBongoleTiSocketioModule.h */,
				24DD6CF81134B3F500162E58 /* ComBongoleTiSocketioModule.m */,
				00CB2D5C16D74D020050F87E /* ComBongoleTiSocketioSocketProxy.h */,
				00CB2D5D16D74D020050F87E /* ComBongoleTiSocketioSocketProxy.m */,
			);
			name = Classes;
			sourceTree = "<group>";
		};
		32C88DFF0371C24200C91783 /* Other Sources */ = {
			isa = PBXGroup;
			children = (
				AA747D9E0F9514B9006C5449 /* ComBongoleTiSocketio_Prefix.pch */,
				24DD6D1B1134B66800162E58 /* titanium.xcconfig */,
			);
			name = "Other Sources";
			sourceTree = "<group>";
		};
/* End PBXGroup section */

/* Begin PBXHeadersBuildPhase section */
		D2AAC07A0554694100DB518D /* Headers */ = {
			isa = PBXHeadersBuildPhase;
			buildActionMask = 2147483647;
			files = (
				00CB2D5F16D74DED0050F87E /* ComBongoleTiSocketioSocketProxy.h in Headers */,
				00CB2D5316D74C7B0050F87E /* base64.h in Headers */,
				00CB2D5416D74C7B0050F87E /* NSData+SRB64Additions.h in Headers */,
				00CB2D5516D74C7B0050F87E /* SocketIO.h in Headers */,
				00CB2D5616D74C7B0050F87E /* SocketIOJSONSerialization.h in Headers */,
				00CB2D5716D74C7B0050F87E /* SocketIOPacket.h in Headers */,
				00CB2D5816D74C7B0050F87E /* SocketIOTransport.h in Headers */,
				00CB2D5916D74C7B0050F87E /* SocketIOTransportWebsocket.h in Headers */,
				00CB2D5A16D74C7B0050F87E /* SocketIOTransportXHR.h in Headers */,
				00CB2D5B16D74C7B0050F87E /* SRWebSocket.h in Headers */,
				AA747D9F0F9514B9006C5449 /* ComBongoleTiSocketio_Prefix.pch in Headers */,
				24DD6CF91134B3F500162E58 /* ComBongoleTiSocketioModule.h in Headers */,
				24DE9E1111C5FE74003F90F6 /* ComBongoleTiSocketioModuleAssets.h in Headers */,
			);
			runOnlyForDeploymentPostprocessing = 0;
		};
/* End PBXHeadersBuildPhase section */

/* Begin PBXNativeTarget section */
		D2AAC07D0554694100DB518D /* iphone */ = {
			isa = PBXNativeTarget;
			buildConfigurationList = 1DEB921E08733DC00010E9CD /* Build configuration list for PBXNativeTarget "iphone" */;
			buildPhases = (
				D2AAC07A0554694100DB518D /* Headers */,
				D2AAC07B0554694100DB518D /* Sources */,
				D2AAC07C0554694100DB518D /* Frameworks */,
			);
			buildRules = (
			);
			dependencies = (
			);
			name = iphone;
			productName = iphone;
			productReference = D2AAC07E0554694100DB518D /* libComBongoleTiSocketio.a */;
			productType = "com.apple.product-type.library.static";
		};
/* End PBXNativeTarget section */

/* Begin PBXProject section */
		0867D690FE84028FC02AAC07 /* Project object */ = {
			isa = PBXProject;
			buildConfigurationList = 1DEB922208733DC00010E9CD /* Build configuration list for PBXProject "iphone" */;
			compatibilityVersion = "Xcode 3.1";
			developmentRegion = English;
			hasScannedForEncodings = 1;
			knownRegions = (
				English,
				Japanese,
				French,
				German,
			);
			mainGroup = 0867D691FE84028FC02AAC07 /* iphone */;
			productRefGroup = 034768DFFF38A50411DB9C8B /* Products */;
			projectDirPath = "";
			projectRoot = "";
			targets = (
				D2AAC07D0554694100DB518D /* iphone */,
				24416B8111C4CA220047AFDD /* Build & Test */,
			);
		};
/* End PBXProject section */

/* Begin PBXShellScriptBuildPhase section */
		24416B8011C4CA220047AFDD /* ShellScript */ = {
			isa = PBXShellScriptBuildPhase;
			buildActionMask = 2147483647;
			files = (
			);
			inputPaths = (
			);
			outputPaths = (
			);
			runOnlyForDeploymentPostprocessing = 0;
			shellPath = /bin/sh;
			shellScript = "# shell script goes here\n\npython \"${TITANIUM_SDK}/titanium.py\" run --dir=\"${PROJECT_DIR}\"\nexit $?\n";
		};
/* End PBXShellScriptBuildPhase section */

/* Begin PBXSourcesBuildPhase section */
		D2AAC07B0554694100DB518D /* Sources */ = {
			isa = PBXSourcesBuildPhase;
			buildActionMask = 2147483647;
			files = (
				00CB2D5E16D74DE70050F87E /* ComBongoleTiSocketioSocketProxy.m in Sources */,
				00CB2D5216D74C6F0050F87E /* base64.c in Sources */,
				00CB2D4B16D74C650050F87E /* NSData+SRB64Additions.m in Sources */,
				00CB2D4C16D74C650050F87E /* SocketIO.m in Sources */,
				00CB2D4D16D74C650050F87E /* SocketIOJSONSerialization.m in Sources */,
				00CB2D4E16D74C650050F87E /* SocketIOPacket.m in Sources */,
				00CB2D4F16D74C650050F87E /* SocketIOTransportWebsocket.m in Sources */,
				00CB2D5016D74C650050F87E /* SocketIOTransportXHR.m in Sources */,
				00CB2D5116D74C650050F87E /* SRWebSocket.m in Sources */,
				24DD6CFA1134B3F500162E58 /* ComBongoleTiSocketioModule.m in Sources */,
				24DE9E1211C5FE74003F90F6 /* ComBongoleTiSocketioModuleAssets.m in Sources */,
			);
			runOnlyForDeploymentPostprocessing = 0;
		};
/* End PBXSourcesBuildPhase section */

/* Begin PBXTargetDependency section */
		24416B8511C4CA280047AFDD /* PBXTargetDependency */ = {
			isa = PBXTargetDependency;
			target = D2AAC07D0554694100DB518D /* iphone */;
			targetProxy = 24416B8411C4CA280047AFDD /* PBXContainerItemProxy */;
		};
/* End PBXTargetDependency section */

/* Begin XCBuildConfiguration section */
		1DEB921F08733DC00010E9CD /* Debug */ = {
			isa = XCBuildConfiguration;
			baseConfigurationReference = 24DD6D1B1134B66800162E58 /* titanium.xcconfig */;
			buildSettings = {
				ARCHS = (
					armv6,
					armv7,
				);
				"ARCHS[sdk=iphoneos*]" = (
					armv6,
					armv7,
				);
				"ARCHS[sdk=iphonesimulator*]" = i386;
				CODE_SIGN_IDENTITY = "iPhone Developer";
				"CODE_SIGN_IDENTITY[sdk=iphoneos*]" = "iPhone Developer";
				DSTROOT = /tmp/ComBongoleTiSocketio.dst;
				GCC_C_LANGUAGE_STANDARD = c99;
				GCC_OPTIMIZATION_LEVEL = 0;
				GCC_PRECOMPILE_PREFIX_HEADER = YES;
				GCC_PREFIX_HEADER = ComBongoleTiSocketio_Prefix.pch;
				GCC_PREPROCESSOR_DEFINITIONS = "TI_VERSION=$(TI_VERSION)";
				GCC_TREAT_WARNINGS_AS_ERRORS = NO;
				GCC_VERSION = "";
				GCC_WARN_ABOUT_RETURN_TYPE = NO;
				GCC_WARN_MISSING_PARENTHESES = NO;
				GCC_WARN_SHADOW = NO;
				GCC_WARN_STRICT_SELECTOR_MATCH = NO;
				GCC_WARN_UNUSED_FUNCTION = YES;
				GCC_WARN_UNUSED_PARAMETER = NO;
				GCC_WARN_UNUSED_VALUE = NO;
				GCC_WARN_UNUSED_VARIABLE = NO;
				INSTALL_PATH = /usr/local/lib;
				LIBRARY_SEARCH_PATHS = "";
				OTHER_CFLAGS = (
					"-DDEBUG",
					"-DTI_POST_1_2",
				);
				OTHER_LDFLAGS = "-ObjC";
				PRODUCT_NAME = ComBongoleTiSocketio;
				PROVISIONING_PROFILE = "";
				"PROVISIONING_PROFILE[sdk=iphoneos*]" = "";
				RUN_CLANG_STATIC_ANALYZER = NO;
				SDKROOT = iphoneos;
				USER_HEADER_SEARCH_PATHS = "";
			};
			name = Debug;
		};
		1DEB922008733DC00010E9CD /* Release */ = {
			isa = XCBuildConfiguration;
			baseConfigurationReference = 24DD6D1B1134B66800162E58 /* titanium.xcconfig */;
			buildSettings = {
				ALWAYS_SEARCH_USER_PATHS = NO;
				ARCHS = (
					armv6,
					armv7,
				);
				"ARCHS[sdk=iphoneos*]" = (
					armv6,
					armv7,
				);
				"ARCHS[sdk=iphonesimulator*]" = i386;
				DSTROOT = /tmp/ComBongoleTiSocketio.dst;
				GCC_C_LANGUAGE_STANDARD = c99;
				GCC_MODEL_TUNING = G5;
				GCC_PRECOMPILE_PREFIX_HEADER = YES;
				GCC_PREFIX_HEADER = ComBongoleTiSocketio_Prefix.pch;
				GCC_PREPROCESSOR_DEFINITIONS = "TI_VERSION=$(TI_VERSION)";
				GCC_TREAT_WARNINGS_AS_ERRORS = NO;
				GCC_VERSION = "";
				GCC_WARN_ABOUT_RETURN_TYPE = NO;
				GCC_WARN_MISSING_PARENTHESES = NO;
				GCC_WARN_SHADOW = NO;
				GCC_WARN_STRICT_SELECTOR_MATCH = NO;
				GCC_WARN_UNUSED_FUNCTION = YES;
				GCC_WARN_UNUSED_PARAMETER = NO;
				GCC_WARN_UNUSED_VALUE = NO;
				GCC_WARN_UNUSED_VARIABLE = NO;
				INSTALL_PATH = /usr/local/lib;
				IPHONEOS_DEPLOYMENT_TARGET = 4.0;
				LIBRARY_SEARCH_PATHS = "";
				OTHER_CFLAGS = "-DTI_POST_1_2";
				OTHER_LDFLAGS = "-ObjC";
				PRODUCT_NAME = ComBongoleTiSocketio;
				RUN_CLANG_STATIC_ANALYZER = NO;
				SDKROOT = iphoneos;
				USER_HEADER_SEARCH_PATHS = "";
			};
			name = Release;
		};
		1DEB922308733DC00010E9CD /* Debug */ = {
			isa = XCBuildConfiguration;
			baseConfigurationReference = 24DD6D1B1134B66800162E58 /* titanium.xcconfig */;
			buildSettings = {
				ARCHS = (
					armv6,
					armv7,
				);
				"ARCHS[sdk=iphoneos*]" = (
					armv6,
					armv7,
				);
				"ARCHS[sdk=iphonesimulator*]" = i386;
				CODE_SIGN_IDENTITY = "iPhone Developer";
				"CODE_SIGN_IDENTITY[sdk=iphoneos*]" = "iPhone Developer";
				DSTROOT = /tmp/ComBongoleTiSocketio.dst;
				GCC_C_LANGUAGE_STANDARD = c99;
				GCC_OPTIMIZATION_LEVEL = 0;
				GCC_PRECOMPILE_PREFIX_HEADER = YES;
				GCC_PREFIX_HEADER = ComBongoleTiSocketio_Prefix.pch;
				GCC_PREPROCESSOR_DEFINITIONS = "TI_VERSION=$(TI_VERSION)";
				GCC_TREAT_WARNINGS_AS_ERRORS = NO;
				GCC_VERSION = "";
				GCC_WARN_ABOUT_RETURN_TYPE = NO;
				GCC_WARN_MISSING_PARENTHESES = NO;
				GCC_WARN_SHADOW = NO;
				GCC_WARN_STRICT_SELECTOR_MATCH = NO;
				GCC_WARN_UNUSED_FUNCTION = YES;
				GCC_WARN_UNUSED_PARAMETER = NO;
				GCC_WARN_UNUSED_VALUE = NO;
				GCC_WARN_UNUSED_VARIABLE = NO;
				INSTALL_PATH = /usr/local/lib;
				OTHER_CFLAGS = (
					"-DDEBUG",
					"-DTI_POST_1_2",
				);
				OTHER_LDFLAGS = "-ObjC";
				PRODUCT_NAME = ComBongoleTiSocketio;
				PROVISIONING_PROFILE = "";
				"PROVISIONING_PROFILE[sdk=iphoneos*]" = "";
				RUN_CLANG_STATIC_ANALYZER = NO;
				SDKROOT = iphoneos;
				USER_HEADER_SEARCH_PATHS = "";
			};
			name = Debug;
		};
		1DEB922408733DC00010E9CD /* Release */ = {
			isa = XCBuildConfiguration;
			baseConfigurationReference = 24DD6D1B1134B66800162E58 /* titanium.xcconfig */;
			buildSettings = {
				ALWAYS_SEARCH_USER_PATHS = NO;
				ARCHS = (
					armv6,
					armv7,
				);
				"ARCHS[sdk=iphoneos*]" = (
					armv6,
					armv7,
				);
				"ARCHS[sdk=iphonesimulator*]" = i386;
				DSTROOT = /tmp/ComBongoleTiSocketio.dst;
				GCC_C_LANGUAGE_STANDARD = c99;
				GCC_MODEL_TUNING = G5;
				GCC_PRECOMPILE_PREFIX_HEADER = YES;
				GCC_PREFIX_HEADER = ComBongoleTiSocketio_Prefix.pch;
				GCC_PREPROCESSOR_DEFINITIONS = "TI_VERSION=$(TI_VERSION)";
				GCC_TREAT_WARNINGS_AS_ERRORS = NO;
				GCC_VERSION = "";
				GCC_WARN_ABOUT_RETURN_TYPE = NO;
				GCC_WARN_MISSING_PARENTHESES = NO;
				GCC_WARN_SHADOW = NO;
				GCC_WARN_STRICT_SELECTOR_MATCH = NO;
				GCC_WARN_UNUSED_FUNCTION = YES;
				GCC_WARN_UNUSED_PARAMETER = NO;
				GCC_WARN_UNUSED_VALUE = NO;
				GCC_WARN_UNUSED_VARIABLE = NO;
				INSTALL_PATH = /usr/local/lib;
				IPHONEOS_DEPLOYMENT_TARGET = 4.0;
				OTHER_CFLAGS = "-DTI_POST_1_2";
				OTHER_LDFLAGS = "-ObjC";
				PRODUCT_NAME = ComBongoleTiSocketio;
				RUN_CLANG_STATIC_ANALYZER = NO;
				SDKROOT = iphoneos;
				USER_HEADER_SEARCH_PATHS = "";
			};
			name = Release;
		};
		24416B8211C4CA220047AFDD /* Debug */ = {
			isa = XCBuildConfiguration;
			baseConfigurationReference = 24DD6D1B1134B66800162E58 /* titanium.xcconfig */;
			buildSettings = {
				COPY_PHASE_STRIP = NO;
				GCC_DYNAMIC_NO_PIC = NO;
				GCC_OPTIMIZATION_LEVEL = 0;
				PRODUCT_NAME = "Build & test";
			};
			name = Debug;
		};
		24416B8311C4CA220047AFDD /* Release */ = {
			isa = XCBuildConfiguration;
			baseConfigurationReference = 24DD6D1B1134B66800162E58 /* titanium.xcconfig */;
			buildSettings = {
				COPY_PHASE_STRIP = YES;
				DEBUG_INFORMATION_FORMAT = "dwarf-with-dsym";
				GCC_ENABLE_FIX_AND_CONTINUE = NO;
				PRODUCT_NAME = "Build & test";
				ZERO_LINK = NO;
			};
			name = Release;
		};
/* End XCBuildConfiguration section */

/* Begin XCConfigurationList section */
		1DEB921E08733DC00010E9CD /* Build configuration list for PBXNativeTarget "iphone" */ = {
			isa = XCConfigurationList;
			buildConfigurations = (
				1DEB921F08733DC00010E9CD /* Debug */,
				1DEB922008733DC00010E9CD /* Release */,
			);
			defaultConfigurationIsVisible = 0;
			defaultConfigurationName = Release;
		};
		1DEB922208733DC00010E9CD /* Build configuration list for PBXProject "iphone" */ = {
			isa = XCConfigurationList;
			buildConfigurations = (
				1DEB922308733DC00010E9CD /* Debug */,
				1DEB922408733DC00010E9CD /* Release */,
			);
			defaultConfigurationIsVisible = 0;
			defaultConfigurationName = Release;
		};
		24416B8A11C4CA520047AFDD /* Build configuration list for PBXAggregateTarget "Build & Test" */ = {
			isa = XCConfigurationList;
			buildConfigurations = (
				24416B8211C4CA220047AFDD /* Debug */,
				24416B8311C4CA220047AFDD /* Release */,
			);
			defaultConfigurationIsVisible = 0;
			defaultConfigurationName = Release;
		};
/* End XCConfigurationList section */
	};
	rootObject = 0867D690FE84028FC02AAC07 /* Project object */;
}
